
Microsoft Visual Studio Solution File, Format Version 12.00
# Visual Studio 14
VisualStudioVersion = 14.0.25420.1
MinimumVisualStudioVersion = 10.0.40219.1
Project("{FAE04EC0-301F-11D3-BF4B-00C04F79EFBC}") = "HelloWorld_App", "HelloWorld App\HelloWorld_App\HelloWorld_App.csproj", "{2DDD80DE-44BD-452B-A84D-014138306905}"
EndProject
Project("{FAE04EC0-301F-11D3-BF4B-00C04F79EFBC}") = "HelloWorld_App.Droid", "HelloWorld App\HelloWorld_App.Droid\HelloWorld_App.Droid.csproj", "{42F57481-6181-496F-B57D-0E171BBE0FB7}"
EndProject
Project("{FAE04EC0-301F-11D3-BF4B-00C04F79EFBC}") = "HelloWorld_App.iOS", "HelloWorld App\HelloWorld_App.iOS\HelloWorld_App.iOS.csproj", "{86D88FE4-12C5-45FB-93B4-81E7286AD826}"
EndProject
Project("{FAE04EC0-301F-11D3-BF4B-00C04F79EFBC}") = "HelloWorld_App.WinPhone", "HelloWorld App\HelloWorld_App.WinPhone\HelloWorld_App.WinPhone.csproj", "{2B39D684-1522-4C67-A38F-9B373EA405A8}"
EndProject
Project("{FAE04EC0-301F-11D3-BF4B-00C04F79EFBC}") = "HelloWorld_App.Windows", "HelloWorld App\HelloWorld_App.Windows\HelloWorld_App.Windows.csproj", "{70107BE1-F495-4D94-9E5D-336812012B00}"
EndProject
Project("{FAE04EC0-301F-11D3-BF4B-00C04F79EFBC}") = "Wabou", "Wabou\Wabou.csproj", "{67F9D3A8-F71E-4428-913F-C37AE82CDB24}"
EndProject
Global
	GlobalSection(SolutionConfigurationPlatforms) = preSolution
		Ad-Hoc|Any CPU = Ad-Hoc|Any CPU
		Ad-Hoc|ARM = Ad-Hoc|ARM
		Ad-Hoc|iPhone = Ad-Hoc|iPhone
		Ad-Hoc|iPhoneSimulator = Ad-Hoc|iPhoneSimulator
		Ad-Hoc|x64 = Ad-Hoc|x64
		Ad-Hoc|x86 = Ad-Hoc|x86
		AppStore|Any CPU = AppStore|Any CPU
		AppStore|ARM = AppStore|ARM
		AppStore|iPhone = AppStore|iPhone
		AppStore|iPhoneSimulator = AppStore|iPhoneSimulator
		AppStore|x64 = AppStore|x64
		AppStore|x86 = AppStore|x86
		Debug|Any CPU = Debug|Any CPU
		Debug|ARM = Debug|ARM
		Debug|iPhone = Debug|iPhone
		Debug|iPhoneSimulator = Debug|iPhoneSimulator
		Debug|x64 = Debug|x64
		Debug|x86 = Debug|x86
		Release|Any CPU = Release|Any CPU
		Release|ARM = Release|ARM
		Release|iPhone = Release|iPhone
		Release|iPhoneSimulator = Release|iPhoneSimulator
		Release|x64 = Release|x64
		Release|x86 = Release|x86
	EndGlobalSection
	GlobalSection(ProjectConfigurationPlatforms) = postSolution
		{2DDD80DE-44BD-452B-A84D-014138306905}.Ad-Hoc|Any CPU.ActiveCfg = Release|Any CPU
		{2DDD80DE-44BD-452B-A84D-014138306905}.Ad-Hoc|Any CPU.Build.0 = Release|Any CPU
		{2DDD80DE-44BD-452B-A84D-014138306905}.Ad-Hoc|ARM.ActiveCfg = Release|Any CPU
		{2DDD80DE-44BD-452B-A84D-014138306905}.Ad-Hoc|ARM.Build.0 = Release|Any CPU
		{2DDD80DE-44BD-452B-A84D-014138306905}.Ad-Hoc|iPhone.ActiveCfg = Release|Any CPU
		{2DDD80DE-44BD-452B-A84D-014138306905}.Ad-Hoc|iPhone.Build.0 = Release|Any CPU
		{2DDD80DE-44BD-452B-A84D-014138306905}.Ad-Hoc|iPhoneSimulator.ActiveCfg = Release|Any CPU
		{2DDD80DE-44BD-452B-A84D-014138306905}.Ad-Hoc|iPhoneSimulator.Build.0 = Release|Any CPU
		{2DDD80DE-44BD-452B-A84D-014138306905}.Ad-Hoc|x64.ActiveCfg = Release|Any CPU
		{2DDD80DE-44BD-452B-A84D-014138306905}.Ad-Hoc|x64.Build.0 = Release|Any CPU
		{2DDD80DE-44BD-452B-A84D-014138306905}.Ad-Hoc|x86.ActiveCfg = Release|Any CPU
		{2DDD80DE-44BD-452B-A84D-014138306905}.Ad-Hoc|x86.Build.0 = Release|Any CPU
		{2DDD80DE-44BD-452B-A84D-014138306905}.AppStore|Any CPU.ActiveCfg = Release|Any CPU
		{2DDD80DE-44BD-452B-A84D-014138306905}.AppStore|Any CPU.Build.0 = Release|Any CPU
		{2DDD80DE-44BD-452B-A84D-014138306905}.AppStore|ARM.ActiveCfg = Release|Any CPU
		{2DDD80DE-44BD-452B-A84D-014138306905}.AppStore|ARM.Build.0 = Release|Any CPU
		{2DDD80DE-44BD-452B-A84D-014138306905}.AppStore|iPhone.ActiveCfg = Release|Any CPU
		{2DDD80DE-44BD-452B-A84D-014138306905}.AppStore|iPhone.Build.0 = Release|Any CPU
		{2DDD80DE-44BD-452B-A84D-014138306905}.AppStore|iPhoneSimulator.ActiveCfg = Release|Any CPU
		{2DDD80DE-44BD-452B-A84D-014138306905}.AppStore|iPhoneSimulator.Build.0 = Release|Any CPU
		{2DDD80DE-44BD-452B-A84D-014138306905}.AppStore|x64.ActiveCfg = Release|Any CPU
		{2DDD80DE-44BD-452B-A84D-014138306905}.AppStore|x64.Build.0 = Release|Any CPU
		{2DDD80DE-44BD-452B-A84D-014138306905}.AppStore|x86.ActiveCfg = Release|Any CPU
		{2DDD80DE-44BD-452B-A84D-014138306905}.AppStore|x86.Build.0 = Release|Any CPU
		{2DDD80DE-44BD-452B-A84D-014138306905}.Debug|Any CPU.ActiveCfg = Debug|Any CPU
		{2DDD80DE-44BD-452B-A84D-014138306905}.Debug|Any CPU.Build.0 = Debug|Any CPU
		{2DDD80DE-44BD-452B-A84D-014138306905}.Debug|ARM.ActiveCfg = Debug|Any CPU
		{2DDD80DE-44BD-452B-A84D-014138306905}.Debug|ARM.Build.0 = Debug|Any CPU
		{2DDD80DE-44BD-452B-A84D-014138306905}.Debug|iPhone.ActiveCfg = Debug|Any CPU
		{2DDD80DE-44BD-452B-A84D-014138306905}.Debug|iPhone.Build.0 = Debug|Any CPU
		{2DDD80DE-44BD-452B-A84D-014138306905}.Debug|iPhoneSimulator.ActiveCfg = Debug|Any CPU
		{2DDD80DE-44BD-452B-A84D-014138306905}.Debug|iPhoneSimulator.Build.0 = Debug|Any CPU
		{2DDD80DE-44BD-452B-A84D-014138306905}.Debug|x64.ActiveCfg = Debug|Any CPU
		{2DDD80DE-44BD-452B-A84D-014138306905}.Debug|x64.Build.0 = Debug|Any CPU
		{2DDD80DE-44BD-452B-A84D-014138306905}.Debug|x86.ActiveCfg = Debug|Any CPU
		{2DDD80DE-44BD-452B-A84D-014138306905}.Debug|x86.Build.0 = Debug|Any CPU
		{2DDD80DE-44BD-452B-A84D-014138306905}.Release|Any CPU.ActiveCfg = Release|Any CPU
		{2DDD80DE-44BD-452B-A84D-014138306905}.Release|Any CPU.Build.0 = Release|Any CPU
		{2DDD80DE-44BD-452B-A84D-014138306905}.Release|ARM.ActiveCfg = Release|Any CPU
		{2DDD80DE-44BD-452B-A84D-014138306905}.Release|ARM.Build.0 = Release|Any CPU
		{2DDD80DE-44BD-452B-A84D-014138306905}.Release|iPhone.ActiveCfg = Release|Any CPU
		{2DDD80DE-44BD-452B-A84D-014138306905}.Release|iPhone.Build.0 = Release|Any CPU
		{2DDD80DE-44BD-452B-A84D-014138306905}.Release|iPhoneSimulator.ActiveCfg = Release|Any CPU
		{2DDD80DE-44BD-452B-A84D-014138306905}.Release|iPhoneSimulator.Build.0 = Release|Any CPU
		{2DDD80DE-44BD-452B-A84D-014138306905}.Release|x64.ActiveCfg = Release|Any CPU
		{2DDD80DE-44BD-452B-A84D-014138306905}.Release|x64.Build.0 = Release|Any CPU
		{2DDD80DE-44BD-452B-A84D-014138306905}.Release|x86.ActiveCfg = Release|Any CPU
		{2DDD80DE-44BD-452B-A84D-014138306905}.Release|x86.Build.0 = Release|Any CPU
		{42F57481-6181-496F-B57D-0E171BBE0FB7}.Ad-Hoc|Any CPU.ActiveCfg = Release|Any CPU
		{42F57481-6181-496F-B57D-0E171BBE0FB7}.Ad-Hoc|Any CPU.Build.0 = Release|Any CPU
		{42F57481-6181-496F-B57D-0E171BBE0FB7}.Ad-Hoc|Any CPU.Deploy.0 = Release|Any CPU
		{42F57481-6181-496F-B57D-0E171BBE0FB7}.Ad-Hoc|ARM.ActiveCfg = Release|Any CPU
		{42F57481-6181-496F-B57D-0E171BBE0FB7}.Ad-Hoc|ARM.Build.0 = Release|Any CPU
		{42F57481-6181-496F-B57D-0E171BBE0FB7}.Ad-Hoc|ARM.Deploy.0 = Release|Any CPU
		{42F57481-6181-496F-B57D-0E171BBE0FB7}.Ad-Hoc|iPhone.ActiveCfg = Release|Any CPU
		{42F57481-6181-496F-B57D-0E171BBE0FB7}.Ad-Hoc|iPhone.Build.0 = Release|Any CPU
		{42F57481-6181-496F-B57D-0E171BBE0FB7}.Ad-Hoc|iPhone.Deploy.0 = Release|Any CPU
		{42F57481-6181-496F-B57D-0E171BBE0FB7}.Ad-Hoc|iPhoneSimulator.ActiveCfg = Release|Any CPU
		{42F57481-6181-496F-B57D-0E171BBE0FB7}.Ad-Hoc|iPhoneSimulator.Build.0 = Release|Any CPU
		{42F57481-6181-496F-B57D-0E171BBE0FB7}.Ad-Hoc|iPhoneSimulator.Deploy.0 = Release|Any CPU
		{42F57481-6181-496F-B57D-0E171BBE0FB7}.Ad-Hoc|x64.ActiveCfg = Release|Any CPU
		{42F57481-6181-496F-B57D-0E171BBE0FB7}.Ad-Hoc|x64.Build.0 = Release|Any CPU
		{42F57481-6181-496F-B57D-0E171BBE0FB7}.Ad-Hoc|x64.Deploy.0 = Release|Any CPU
		{42F57481-6181-496F-B57D-0E171BBE0FB7}.Ad-Hoc|x86.ActiveCfg = Release|Any CPU
		{42F57481-6181-496F-B57D-0E171BBE0FB7}.Ad-Hoc|x86.Build.0 = Release|Any CPU
		{42F57481-6181-496F-B57D-0E171BBE0FB7}.Ad-Hoc|x86.Deploy.0 = Release|Any CPU
		{42F57481-6181-496F-B57D-0E171BBE0FB7}.AppStore|Any CPU.ActiveCfg = Release|Any CPU
		{42F57481-6181-496F-B57D-0E171BBE0FB7}.AppStore|Any CPU.Build.0 = Release|Any CPU
		{42F57481-6181-496F-B57D-0E171BBE0FB7}.AppStore|Any CPU.Deploy.0 = Release|Any CPU
		{42F57481-6181-496F-B57D-0E171BBE0FB7}.AppStore|ARM.ActiveCfg = Release|Any CPU
		{42F57481-6181-496F-B57D-0E171BBE0FB7}.AppStore|ARM.Build.0 = Release|Any CPU
		{42F57481-6181-496F-B57D-0E171BBE0FB7}.AppStore|ARM.Deploy.0 = Release|Any CPU
		{42F57481-6181-496F-B57D-0E171BBE0FB7}.AppStore|iPhone.ActiveCfg = Release|Any CPU
		{42F57481-6181-496F-B57D-0E171BBE0FB7}.AppStore|iPhone.Build.0 = Release|Any CPU
		{42F57481-6181-496F-B57D-0E171BBE0FB7}.AppStore|iPhone.Deploy.0 = Release|Any CPU
		{42F57481-6181-496F-B57D-0E171BBE0FB7}.AppStore|iPhoneSimulator.ActiveCfg = Release|Any CPU
		{42F57481-6181-496F-B57D-0E171BBE0FB7}.AppStore|iPhoneSimulator.Build.0 = Release|Any CPU
		{42F57481-6181-496F-B57D-0E171BBE0FB7}.AppStore|iPhoneSimulator.Deploy.0 = Release|Any CPU
		{42F57481-6181-496F-B57D-0E171BBE0FB7}.AppStore|x64.ActiveCfg = Release|Any CPU
		{42F57481-6181-496F-B57D-0E171BBE0FB7}.AppStore|x64.Build.0 = Release|Any CPU
		{42F57481-6181-496F-B57D-0E171BBE0FB7}.AppStore|x64.Deploy.0 = Release|Any CPU
		{42F57481-6181-496F-B57D-0E171BBE0FB7}.AppStore|x86.ActiveCfg = Release|Any CPU
		{42F57481-6181-496F-B57D-0E171BBE0FB7}.AppStore|x86.Build.0 = Release|Any CPU
		{42F57481-6181-496F-B57D-0E171BBE0FB7}.AppStore|x86.Deploy.0 = Release|Any CPU
		{42F57481-6181-496F-B57D-0E171BBE0FB7}.Debug|Any CPU.ActiveCfg = Debug|Any CPU
		{42F57481-6181-496F-B57D-0E171BBE0FB7}.Debug|Any CPU.Build.0 = Debug|Any CPU
		{42F57481-6181-496F-B57D-0E171BBE0FB7}.Debug|Any CPU.Deploy.0 = Debug|Any CPU
		{42F57481-6181-496F-B57D-0E171BBE0FB7}.Debug|ARM.ActiveCfg = Debug|Any CPU
		{42F57481-6181-496F-B57D-0E171BBE0FB7}.Debug|ARM.Build.0 = Debug|Any CPU
		{42F57481-6181-496F-B57D-0E171BBE0FB7}.Debug|ARM.Deploy.0 = Debug|Any CPU
		{42F57481-6181-496F-B57D-0E171BBE0FB7}.Debug|iPhone.ActiveCfg = Debug|Any CPU
		{42F57481-6181-496F-B57D-0E171BBE0FB7}.Debug|iPhone.Build.0 = Debug|Any CPU
		{42F57481-6181-496F-B57D-0E171BBE0FB7}.Debug|iPhone.Deploy.0 = Debug|Any CPU
		{42F57481-6181-496F-B57D-0E171BBE0FB7}.Debug|iPhoneSimulator.ActiveCfg = Debug|Any CPU
		{42F57481-6181-496F-B57D-0E171BBE0FB7}.Debug|iPhoneSimulator.Build.0 = Debug|Any CPU
		{42F57481-6181-496F-B57D-0E171BBE0FB7}.Debug|iPhoneSimulator.Deploy.0 = Debug|Any CPU
		{42F57481-6181-496F-B57D-0E171BBE0FB7}.Debug|x64.ActiveCfg = Debug|Any CPU
		{42F57481-6181-496F-B57D-0E171BBE0FB7}.Debug|x64.Build.0 = Debug|Any CPU
		{42F57481-6181-496F-B57D-0E171BBE0FB7}.Debug|x64.Deploy.0 = Debug|Any CPU
		{42F57481-6181-496F-B57D-0E171BBE0FB7}.Debug|x86.ActiveCfg = Debug|Any CPU
		{42F57481-6181-496F-B57D-0E171BBE0FB7}.Debug|x86.Build.0 = Debug|Any CPU
		{42F57481-6181-496F-B57D-0E171BBE0FB7}.Debug|x86.Deploy.0 = Debug|Any CPU
		{42F57481-6181-496F-B57D-0E171BBE0FB7}.Release|Any CPU.ActiveCfg = Release|Any CPU
		{42F57481-6181-496F-B57D-0E171BBE0FB7}.Release|Any CPU.Build.0 = Release|Any CPU
		{42F57481-6181-496F-B57D-0E171BBE0FB7}.Release|Any CPU.Deploy.0 = Release|Any CPU
		{42F57481-6181-496F-B57D-0E171BBE0FB7}.Release|ARM.ActiveCfg = Release|Any CPU
		{42F57481-6181-496F-B57D-0E171BBE0FB7}.Release|ARM.Build.0 = Release|Any CPU
		{42F57481-6181-496F-B57D-0E171BBE0FB7}.Release|ARM.Deploy.0 = Release|Any CPU
		{42F57481-6181-496F-B57D-0E171BBE0FB7}.Release|iPhone.ActiveCfg = Release|Any CPU
		{42F57481-6181-496F-B57D-0E171BBE0FB7}.Release|iPhone.Build.0 = Release|Any CPU
		{42F57481-6181-496F-B57D-0E171BBE0FB7}.Release|iPhone.Deploy.0 = Release|Any CPU
		{42F57481-6181-496F-B57D-0E171BBE0FB7}.Release|iPhoneSimulator.ActiveCfg = Release|Any CPU
		{42F57481-6181-496F-B57D-0E171BBE0FB7}.Release|iPhoneSimulator.Build.0 = Release|Any CPU
		{42F57481-6181-496F-B57D-0E171BBE0FB7}.Release|iPhoneSimulator.Deploy.0 = Release|Any CPU
		{42F57481-6181-496F-B57D-0E171BBE0FB7}.Release|x64.ActiveCfg = Release|Any CPU
		{42F57481-6181-496F-B57D-0E171BBE0FB7}.Release|x64.Build.0 = Release|Any CPU
		{42F57481-6181-496F-B57D-0E171BBE0FB7}.Release|x64.Deploy.0 = Release|Any CPU
		{42F57481-6181-496F-B57D-0E171BBE0FB7}.Release|x86.ActiveCfg = Release|Any CPU
		{42F57481-6181-496F-B57D-0E171BBE0FB7}.Release|x86.Build.0 = Release|Any CPU
		{42F57481-6181-496F-B57D-0E171BBE0FB7}.Release|x86.Deploy.0 = Release|Any CPU
		{86D88FE4-12C5-45FB-93B4-81E7286AD826}.Ad-Hoc|Any CPU.ActiveCfg = Ad-Hoc|iPhone
		{86D88FE4-12C5-45FB-93B4-81E7286AD826}.Ad-Hoc|ARM.ActiveCfg = Ad-Hoc|iPhone
		{86D88FE4-12C5-45FB-93B4-81E7286AD826}.Ad-Hoc|iPhone.ActiveCfg = Ad-Hoc|iPhone
		{86D88FE4-12C5-45FB-93B4-81E7286AD826}.Ad-Hoc|iPhone.Build.0 = Ad-Hoc|iPhone
		{86D88FE4-12C5-45FB-93B4-81E7286AD826}.Ad-Hoc|iPhoneSimulator.ActiveCfg = Ad-Hoc|iPhoneSimulator
		{86D88FE4-12C5-45FB-93B4-81E7286AD826}.Ad-Hoc|iPhoneSimulator.Build.0 = Ad-Hoc|iPhoneSimulator
		{86D88FE4-12C5-45FB-93B4-81E7286AD826}.Ad-Hoc|x64.ActiveCfg = Ad-Hoc|iPhone
		{86D88FE4-12C5-45FB-93B4-81E7286AD826}.Ad-Hoc|x86.ActiveCfg = Ad-Hoc|iPhone
		{86D88FE4-12C5-45FB-93B4-81E7286AD826}.AppStore|Any CPU.ActiveCfg = AppStore|iPhone
		{86D88FE4-12C5-45FB-93B4-81E7286AD826}.AppStore|ARM.ActiveCfg = AppStore|iPhone
		{86D88FE4-12C5-45FB-93B4-81E7286AD826}.AppStore|iPhone.ActiveCfg = AppStore|iPhone
		{86D88FE4-12C5-45FB-93B4-81E7286AD826}.AppStore|iPhone.Build.0 = AppStore|iPhone
		{86D88FE4-12C5-45FB-93B4-81E7286AD826}.AppStore|iPhoneSimulator.ActiveCfg = AppStore|iPhoneSimulator
		{86D88FE4-12C5-45FB-93B4-81E7286AD826}.AppStore|iPhoneSimulator.Build.0 = AppStore|iPhoneSimulator
		{86D88FE4-12C5-45FB-93B4-81E7286AD826}.AppStore|x64.ActiveCfg = AppStore|iPhone
		{86D88FE4-12C5-45FB-93B4-81E7286AD826}.AppStore|x86.ActiveCfg = AppStore|iPhone
		{86D88FE4-12C5-45FB-93B4-81E7286AD826}.Debug|Any CPU.ActiveCfg = Debug|iPhone
		{86D88FE4-12C5-45FB-93B4-81E7286AD826}.Debug|ARM.ActiveCfg = Debug|iPhone
		{86D88FE4-12C5-45FB-93B4-81E7286AD826}.Debug|iPhone.ActiveCfg = Debug|iPhone
		{86D88FE4-12C5-45FB-93B4-81E7286AD826}.Debug|iPhone.Build.0 = Debug|iPhone
		{86D88FE4-12C5-45FB-93B4-81E7286AD826}.Debug|iPhoneSimulator.ActiveCfg = Debug|iPhoneSimulator
		{86D88FE4-12C5-45FB-93B4-81E7286AD826}.Debug|iPhoneSimulator.Build.0 = Debug|iPhoneSimulator
		{86D88FE4-12C5-45FB-93B4-81E7286AD826}.Debug|x64.ActiveCfg = Debug|iPhone
		{86D88FE4-12C5-45FB-93B4-81E7286AD826}.Debug|x86.ActiveCfg = Debug|iPhone
		{86D88FE4-12C5-45FB-93B4-81E7286AD826}.Release|Any CPU.ActiveCfg = Release|iPhone
		{86D88FE4-12C5-45FB-93B4-81E7286AD826}.Release|ARM.ActiveCfg = Release|iPhone
		{86D88FE4-12C5-45FB-93B4-81E7286AD826}.Release|iPhone.ActiveCfg = Release|iPhone
		{86D88FE4-12C5-45FB-93B4-81E7286AD826}.Release|iPhone.Build.0 = Release|iPhone
		{86D88FE4-12C5-45FB-93B4-81E7286AD826}.Release|iPhoneSimulator.ActiveCfg = Release|iPhoneSimulator
		{86D88FE4-12C5-45FB-93B4-81E7286AD826}.Release|iPhoneSimulator.Build.0 = Release|iPhoneSimulator
		{86D88FE4-12C5-45FB-93B4-81E7286AD826}.Release|x64.ActiveCfg = Release|iPhone
		{86D88FE4-12C5-45FB-93B4-81E7286AD826}.Release|x86.ActiveCfg = Release|iPhone
		{2B39D684-1522-4C67-A38F-9B373EA405A8}.Ad-Hoc|Any CPU.ActiveCfg = Release|Any CPU
		{2B39D684-1522-4C67-A38F-9B373EA405A8}.Ad-Hoc|Any CPU.Build.0 = Release|Any CPU
		{2B39D684-1522-4C67-A38F-9B373EA405A8}.Ad-Hoc|Any CPU.Deploy.0 = Release|Any CPU
		{2B39D684-1522-4C67-A38F-9B373EA405A8}.Ad-Hoc|ARM.ActiveCfg = Release|ARM
		{2B39D684-1522-4C67-A38F-9B373EA405A8}.Ad-Hoc|ARM.Build.0 = Release|ARM
		{2B39D684-1522-4C67-A38F-9B373EA405A8}.Ad-Hoc|ARM.Deploy.0 = Release|ARM
		{2B39D684-1522-4C67-A38F-9B373EA405A8}.Ad-Hoc|iPhone.ActiveCfg = Release|Any CPU
		{2B39D684-1522-4C67-A38F-9B373EA405A8}.Ad-Hoc|iPhone.Build.0 = Release|Any CPU
		{2B39D684-1522-4C67-A38F-9B373EA405A8}.Ad-Hoc|iPhone.Deploy.0 = Release|Any CPU
		{2B39D684-1522-4C67-A38F-9B373EA405A8}.Ad-Hoc|iPhoneSimulator.ActiveCfg = Release|Any CPU
		{2B39D684-1522-4C67-A38F-9B373EA405A8}.Ad-Hoc|iPhoneSimulator.Build.0 = Release|Any CPU
		{2B39D684-1522-4C67-A38F-9B373EA405A8}.Ad-Hoc|iPhoneSimulator.Deploy.0 = Release|Any CPU
		{2B39D684-1522-4C67-A38F-9B373EA405A8}.Ad-Hoc|x64.ActiveCfg = Release|Any CPU
		{2B39D684-1522-4C67-A38F-9B373EA405A8}.Ad-Hoc|x64.Build.0 = Release|Any CPU
		{2B39D684-1522-4C67-A38F-9B373EA405A8}.Ad-Hoc|x64.Deploy.0 = Release|Any CPU
		{2B39D684-1522-4C67-A38F-9B373EA405A8}.Ad-Hoc|x86.ActiveCfg = Release|x86
		{2B39D684-1522-4C67-A38F-9B373EA405A8}.Ad-Hoc|x86.Build.0 = Release|x86
		{2B39D684-1522-4C67-A38F-9B373EA405A8}.Ad-Hoc|x86.Deploy.0 = Release|x86
		{2B39D684-1522-4C67-A38F-9B373EA405A8}.AppStore|Any CPU.ActiveCfg = Release|Any CPU
		{2B39D684-1522-4C67-A38F-9B373EA405A8}.AppStore|Any CPU.Build.0 = Release|Any CPU
		{2B39D684-1522-4C67-A38F-9B373EA405A8}.AppStore|Any CPU.Deploy.0 = Release|Any CPU
		{2B39D684-1522-4C67-A38F-9B373EA405A8}.AppStore|ARM.ActiveCfg = Release|ARM
		{2B39D684-1522-4C67-A38F-9B373EA405A8}.AppStore|ARM.Build.0 = Release|ARM
		{2B39D684-1522-4C67-A38F-9B373EA405A8}.AppStore|ARM.Deploy.0 = Release|ARM
		{2B39D684-1522-4C67-A38F-9B373EA405A8}.AppStore|iPhone.ActiveCfg = Release|Any CPU
		{2B39D684-1522-4C67-A38F-9B373EA405A8}.AppStore|iPhone.Build.0 = Release|Any CPU
		{2B39D684-1522-4C67-A38F-9B373EA405A8}.AppStore|iPhone.Deploy.0 = Release|Any CPU
		{2B39D684-1522-4C67-A38F-9B373EA405A8}.AppStore|iPhoneSimulator.ActiveCfg = Release|Any CPU
		{2B39D684-1522-4C67-A38F-9B373EA405A8}.AppStore|iPhoneSimulator.Build.0 = Release|Any CPU
		{2B39D684-1522-4C67-A38F-9B373EA405A8}.AppStore|iPhoneSimulator.Deploy.0 = Release|Any CPU
		{2B39D684-1522-4C67-A38F-9B373EA405A8}.AppStore|x64.ActiveCfg = Release|Any CPU
		{2B39D684-1522-4C67-A38F-9B373EA405A8}.AppStore|x64.Build.0 = Release|Any CPU
		{2B39D684-1522-4C67-A38F-9B373EA405A8}.AppStore|x64.Deploy.0 = Release|Any CPU
		{2B39D684-1522-4C67-A38F-9B373EA405A8}.AppStore|x86.ActiveCfg = Release|x86
		{2B39D684-1522-4C67-A38F-9B373EA405A8}.AppStore|x86.Build.0 = Release|x86
		{2B39D684-1522-4C67-A38F-9B373EA405A8}.AppStore|x86.Deploy.0 = Release|x86
		{2B39D684-1522-4C67-A38F-9B373EA405A8}.Debug|Any CPU.ActiveCfg = Debug|Any CPU
		{2B39D684-1522-4C67-A38F-9B373EA405A8}.Debug|Any CPU.Build.0 = Debug|Any CPU
		{2B39D684-1522-4C67-A38F-9B373EA405A8}.Debug|Any CPU.Deploy.0 = Debug|Any CPU
		{2B39D684-1522-4C67-A38F-9B373EA405A8}.Debug|ARM.ActiveCfg = Debug|ARM
		{2B39D684-1522-4C67-A38F-9B373EA405A8}.Debug|ARM.Build.0 = Debug|ARM
		{2B39D684-1522-4C67-A38F-9B373EA405A8}.Debug|ARM.Deploy.0 = Debug|ARM
		{2B39D684-1522-4C67-A38F-9B373EA405A8}.Debug|iPhone.ActiveCfg = Debug|Any CPU
		{2B39D684-1522-4C67-A38F-9B373EA405A8}.Debug|iPhone.Build.0 = Debug|Any CPU
		{2B39D684-1522-4C67-A38F-9B373EA405A8}.Debug|iPhone.Deploy.0 = Debug|Any CPU
		{2B39D684-1522-4C67-A38F-9B373EA405A8}.Debug|iPhoneSimulator.ActiveCfg = Debug|Any CPU
		{2B39D684-1522-4C67-A38F-9B373EA405A8}.Debug|iPhoneSimulator.Build.0 = Debug|Any CPU
		{2B39D684-1522-4C67-A38F-9B373EA405A8}.Debug|iPhoneSimulator.Deploy.0 = Debug|Any CPU
		{2B39D684-1522-4C67-A38F-9B373EA405A8}.Debug|x64.ActiveCfg = Debug|Any CPU
		{2B39D684-1522-4C67-A38F-9B373EA405A8}.Debug|x64.Build.0 = Debug|Any CPU
		{2B39D684-1522-4C67-A38F-9B373EA405A8}.Debug|x64.Deploy.0 = Debug|Any CPU
		{2B39D684-1522-4C67-A38F-9B373EA405A8}.Debug|x86.ActiveCfg = Debug|x86
		{2B39D684-1522-4C67-A38F-9B373EA405A8}.Debug|x86.Build.0 = Debug|x86
		{2B39D684-1522-4C67-A38F-9B373EA405A8}.Debug|x86.Deploy.0 = Debug|x86
		{2B39D684-1522-4C67-A38F-9B373EA405A8}.Release|Any CPU.ActiveCfg = Release|Any CPU
		{2B39D684-1522-4C67-A38F-9B373EA405A8}.Release|Any CPU.Build.0 = Release|Any CPU
		{2B39D684-1522-4C67-A38F-9B373EA405A8}.Release|Any CPU.Deploy.0 = Release|Any CPU
		{2B39D684-1522-4C67-A38F-9B373EA405A8}.Release|ARM.ActiveCfg = Release|ARM
		{2B39D684-1522-4C67-A38F-9B373EA405A8}.Release|ARM.Build.0 = Release|ARM
		{2B39D684-1522-4C67-A38F-9B373EA405A8}.Release|ARM.Deploy.0 = Release|ARM
		{2B39D684-1522-4C67-A38F-9B373EA405A8}.Release|iPhone.ActiveCfg = Release|Any CPU
		{2B39D684-1522-4C67-A38F-9B373EA405A8}.Release|iPhone.Build.0 = Release|Any CPU
		{2B39D684-1522-4C67-A38F-9B373EA405A8}.Release|iPhone.Deploy.0 = Release|Any CPU
		{2B39D684-1522-4C67-A38F-9B373EA405A8}.Release|iPhoneSimulator.ActiveCfg = Release|Any CPU
		{2B39D684-1522-4C67-A38F-9B373EA405A8}.Release|iPhoneSimulator.Build.0 = Release|Any CPU
		{2B39D684-1522-4C67-A38F-9B373EA405A8}.Release|iPhoneSimulator.Deploy.0 = Release|Any CPU
		{2B39D684-1522-4C67-A38F-9B373EA405A8}.Release|x64.ActiveCfg = Release|Any CPU
		{2B39D684-1522-4C67-A38F-9B373EA405A8}.Release|x64.Build.0 = Release|Any CPU
		{2B39D684-1522-4C67-A38F-9B373EA405A8}.Release|x64.Deploy.0 = Release|Any CPU
		{2B39D684-1522-4C67-A38F-9B373EA405A8}.Release|x86.ActiveCfg = Release|x86
		{2B39D684-1522-4C67-A38F-9B373EA405A8}.Release|x86.Build.0 = Release|x86
		{2B39D684-1522-4C67-A38F-9B373EA405A8}.Release|x86.Deploy.0 = Release|x86
		{70107BE1-F495-4D94-9E5D-336812012B00}.Ad-Hoc|Any CPU.ActiveCfg = Release|Any CPU
		{70107BE1-F495-4D94-9E5D-336812012B00}.Ad-Hoc|Any CPU.Build.0 = Release|Any CPU
		{70107BE1-F495-4D94-9E5D-336812012B00}.Ad-Hoc|Any CPU.Deploy.0 = Release|Any CPU
		{70107BE1-F495-4D94-9E5D-336812012B00}.Ad-Hoc|ARM.ActiveCfg = Release|ARM
		{70107BE1-F495-4D94-9E5D-336812012B00}.Ad-Hoc|ARM.Build.0 = Release|ARM
		{70107BE1-F495-4D94-9E5D-336812012B00}.Ad-Hoc|ARM.Deploy.0 = Release|ARM
		{70107BE1-F495-4D94-9E5D-336812012B00}.Ad-Hoc|iPhone.ActiveCfg = Release|Any CPU
		{70107BE1-F495-4D94-9E5D-336812012B00}.Ad-Hoc|iPhone.Build.0 = Release|Any CPU
		{70107BE1-F495-4D94-9E5D-336812012B00}.Ad-Hoc|iPhone.Deploy.0 = Release|Any CPU
		{70107BE1-F495-4D94-9E5D-336812012B00}.Ad-Hoc|iPhoneSimulator.ActiveCfg = Release|Any CPU
		{70107BE1-F495-4D94-9E5D-336812012B00}.Ad-Hoc|iPhoneSimulator.Build.0 = Release|Any CPU
		{70107BE1-F495-4D94-9E5D-336812012B00}.Ad-Hoc|iPhoneSimulator.Deploy.0 = Release|Any CPU
		{70107BE1-F495-4D94-9E5D-336812012B00}.Ad-Hoc|x64.ActiveCfg = Release|x64
		{70107BE1-F495-4D94-9E5D-336812012B00}.Ad-Hoc|x64.Build.0 = Release|x64
		{70107BE1-F495-4D94-9E5D-336812012B00}.Ad-Hoc|x64.Deploy.0 = Release|x64
		{70107BE1-F495-4D94-9E5D-336812012B00}.Ad-Hoc|x86.ActiveCfg = Release|x86
		{70107BE1-F495-4D94-9E5D-336812012B00}.Ad-Hoc|x86.Build.0 = Release|x86
		{70107BE1-F495-4D94-9E5D-336812012B00}.Ad-Hoc|x86.Deploy.0 = Release|x86
		{70107BE1-F495-4D94-9E5D-336812012B00}.AppStore|Any CPU.ActiveCfg = Release|Any CPU
		{70107BE1-F495-4D94-9E5D-336812012B00}.AppStore|Any CPU.Build.0 = Release|Any CPU
		{70107BE1-F495-4D94-9E5D-336812012B00}.AppStore|Any CPU.Deploy.0 = Release|Any CPU
		{70107BE1-F495-4D94-9E5D-336812012B00}.AppStore|ARM.ActiveCfg = Release|ARM
		{70107BE1-F495-4D94-9E5D-336812012B00}.AppStore|ARM.Build.0 = Release|ARM
		{70107BE1-F495-4D94-9E5D-336812012B00}.AppStore|ARM.Deploy.0 = Release|ARM
		{70107BE1-F495-4D94-9E5D-336812012B00}.AppStore|iPhone.ActiveCfg = Release|Any CPU
		{70107BE1-F495-4D94-9E5D-336812012B00}.AppStore|iPhone.Build.0 = Release|Any CPU
		{70107BE1-F495-4D94-9E5D-336812012B00}.AppStore|iPhone.Deploy.0 = Release|Any CPU
		{70107BE1-F495-4D94-9E5D-336812012B00}.AppStore|iPhoneSimulator.ActiveCfg = Release|Any CPU
		{70107BE1-F495-4D94-9E5D-336812012B00}.AppStore|iPhoneSimulator.Build.0 = Release|Any CPU
		{70107BE1-F495-4D94-9E5D-336812012B00}.AppStore|iPhoneSimulator.Deploy.0 = Release|Any CPU
		{70107BE1-F495-4D94-9E5D-336812012B00}.AppStore|x64.ActiveCfg = Release|x64
		{70107BE1-F495-4D94-9E5D-336812012B00}.AppStore|x64.Build.0 = Release|x64
		{70107BE1-F495-4D94-9E5D-336812012B00}.AppStore|x64.Deploy.0 = Release|x64
		{70107BE1-F495-4D94-9E5D-336812012B00}.AppStore|x86.ActiveCfg = Release|x86
		{70107BE1-F495-4D94-9E5D-336812012B00}.AppStore|x86.Build.0 = Release|x86
		{70107BE1-F495-4D94-9E5D-336812012B00}.AppStore|x86.Deploy.0 = Release|x86
		{70107BE1-F495-4D94-9E5D-336812012B00}.Debug|Any CPU.ActiveCfg = Debug|Any CPU
		{70107BE1-F495-4D94-9E5D-336812012B00}.Debug|Any CPU.Build.0 = Debug|Any CPU
		{70107BE1-F495-4D94-9E5D-336812012B00}.Debug|Any CPU.Deploy.0 = Debug|Any CPU
		{70107BE1-F495-4D94-9E5D-336812012B00}.Debug|ARM.ActiveCfg = Debug|ARM
		{70107BE1-F495-4D94-9E5D-336812012B00}.Debug|ARM.Build.0 = Debug|ARM
		{70107BE1-F495-4D94-9E5D-336812012B00}.Debug|ARM.Deploy.0 = Debug|ARM
		{70107BE1-F495-4D94-9E5D-336812012B00}.Debug|iPhone.ActiveCfg = Debug|Any CPU
		{70107BE1-F495-4D94-9E5D-336812012B00}.Debug|iPhone.Build.0 = Debug|Any CPU
		{70107BE1-F495-4D94-9E5D-336812012B00}.Debug|iPhone.Deploy.0 = Debug|Any CPU
		{70107BE1-F495-4D94-9E5D-336812012B00}.Debug|iPhoneSimulator.ActiveCfg = Debug|Any CPU
		{70107BE1-F495-4D94-9E5D-336812012B00}.Debug|iPhoneSimulator.Build.0 = Debug|Any CPU
		{70107BE1-F495-4D94-9E5D-336812012B00}.Debug|iPhoneSimulator.Deploy.0 = Debug|Any CPU
		{70107BE1-F495-4D94-9E5D-336812012B00}.Debug|x64.ActiveCfg = Debug|x64
		{70107BE1-F495-4D94-9E5D-336812012B00}.Debug|x64.Build.0 = Debug|x64
		{70107BE1-F495-4D94-9E5D-336812012B00}.Debug|x64.Deploy.0 = Debug|x64
		{70107BE1-F495-4D94-9E5D-336812012B00}.Debug|x86.ActiveCfg = Debug|x86
		{70107BE1-F495-4D94-9E5D-336812012B00}.Debug|x86.Build.0 = Debug|x86
		{70107BE1-F495-4D94-9E5D-336812012B00}.Debug|x86.Deploy.0 = Debug|x86
		{70107BE1-F495-4D94-9E5D-336812012B00}.Release|Any CPU.ActiveCfg = Release|Any CPU
		{70107BE1-F495-4D94-9E5D-336812012B00}.Release|Any CPU.Build.0 = Release|Any CPU
		{70107BE1-F495-4D94-9E5D-336812012B00}.Release|Any CPU.Deploy.0 = Release|Any CPU
		{70107BE1-F495-4D94-9E5D-336812012B00}.Release|ARM.ActiveCfg = Release|ARM
		{70107BE1-F495-4D94-9E5D-336812012B00}.Release|ARM.Build.0 = Release|ARM
		{70107BE1-F495-4D94-9E5D-336812012B00}.Release|ARM.Deploy.0 = Release|ARM
		{70107BE1-F495-4D94-9E5D-336812012B00}.Release|iPhone.ActiveCfg = Release|Any CPU
		{70107BE1-F495-4D94-9E5D-336812012B00}.Release|iPhone.Build.0 = Release|Any CPU
		{70107BE1-F495-4D94-9E5D-336812012B00}.Release|iPhone.Deploy.0 = Release|Any CPU
		{70107BE1-F495-4D94-9E5D-336812012B00}.Release|iPhoneSimulator.ActiveCfg = Release|Any CPU
		{70107BE1-F495-4D94-9E5D-336812012B00}.Release|iPhoneSimulator.Build.0 = Release|Any CPU
		{70107BE1-F495-4D94-9E5D-336812012B00}.Release|iPhoneSimulator.Deploy.0 = Release|Any CPU
		{70107BE1-F495-4D94-9E5D-336812012B00}.Release|x64.ActiveCfg = Release|x64
		{70107BE1-F495-4D94-9E5D-336812012B00}.Release|x64.Build.0 = Release|x64
		{70107BE1-F495-4D94-9E5D-336812012B00}.Release|x64.Deploy.0 = Release|x64
		{70107BE1-F495-4D94-9E5D-336812012B00}.Release|x86.ActiveCfg = Release|x86
		{70107BE1-F495-4D94-9E5D-336812012B00}.Release|x86.Build.0 = Release|x86
		{70107BE1-F495-4D94-9E5D-336812012B00}.Release|x86.Deploy.0 = Release|x86
		{67F9D3A8-F71E-4428-913F-C37AE82CDB24}.Ad-Hoc|Any CPU.ActiveCfg = Release|Any CPU
		{67F9D3A8-F71E-4428-913F-C37AE82CDB24}.Ad-Hoc|Any CPU.Build.0 = Release|Any CPU
		{67F9D3A8-F71E-4428-913F-C37AE82CDB24}.Ad-Hoc|ARM.ActiveCfg = Release|Any CPU
		{67F9D3A8-F71E-4428-913F-C37AE82CDB24}.Ad-Hoc|ARM.Build.0 = Release|Any CPU
		{67F9D3A8-F71E-4428-913F-C37AE82CDB24}.Ad-Hoc|iPhone.ActiveCfg = Release|Any CPU
		{67F9D3A8-F71E-4428-913F-C37AE82CDB24}.Ad-Hoc|iPhone.Build.0 = Release|Any CPU
		{67F9D3A8-F71E-4428-913F-C37AE82CDB24}.Ad-Hoc|iPhoneSimulator.ActiveCfg = Release|Any CPU
		{67F9D3A8-F71E-4428-913F-C37AE82CDB24}.Ad-Hoc|iPhoneSimulator.Build.0 = Release|Any CPU
		{67F9D3A8-F71E-4428-913F-C37AE82CDB24}.Ad-Hoc|x64.ActiveCfg = Release|Any CPU
		{67F9D3A8-F71E-4428-913F-C37AE82CDB24}.Ad-Hoc|x64.Build.0 = Release|Any CPU
		{67F9D3A8-F71E-4428-913F-C37AE82CDB24}.Ad-Hoc|x86.ActiveCfg = Release|Any CPU
		{67F9D3A8-F71E-4428-913F-C37AE82CDB24}.Ad-Hoc|x86.Build.0 = Release|Any CPU
		{67F9D3A8-F71E-4428-913F-C37AE82CDB24}.AppStore|Any CPU.ActiveCfg = Release|Any CPU
		{67F9D3A8-F71E-4428-913F-C37AE82CDB24}.AppStore|Any CPU.Build.0 = Release|Any CPU
		{67F9D3A8-F71E-4428-913F-C37AE82CDB24}.AppStore|ARM.ActiveCfg = Release|Any CPU
		{67F9D3A8-F71E-4428-913F-C37AE82CDB24}.AppStore|ARM.Build.0 = Release|Any CPU
		{67F9D3A8-F71E-4428-913F-C37AE82CDB24}.AppStore|iPhone.ActiveCfg = Release|Any CPU
		{67F9D3A8-F71E-4428-913F-C37AE82CDB24}.AppStore|iPhone.Build.0 = Release|Any CPU
		{67F9D3A8-F71E-4428-913F-C37AE82CDB24}.AppStore|iPhoneSimulator.ActiveCfg = Release|Any CPU
		{67F9D3A8-F71E-4428-913F-C37AE82CDB24}.AppStore|iPhoneSimulator.Build.0 = Release|Any CPU
		{67F9D3A8-F71E-4428-913F-C37AE82CDB24}.AppStore|x64.ActiveCfg = Release|Any CPU
		{67F9D3A8-F71E-4428-913F-C37AE82CDB24}.AppStore|x64.Build.0 = Release|Any CPU
		{67F9D3A8-F71E-4428-913F-C37AE82CDB24}.AppStore|x86.ActiveCfg = Release|Any CPU
		{67F9D3A8-F71E-4428-913F-C37AE82CDB24}.AppStore|x86.Build.0 = Release|Any CPU
		{67F9D3A8-F71E-4428-913F-C37AE82CDB24}.Debug|Any CPU.ActiveCfg = Debug|Any CPU
		{67F9D3A8-F71E-4428-913F-C37AE82CDB24}.Debug|Any CPU.Build.0 = Debug|Any CPU
		{67F9D3A8-F71E-4428-913F-C37AE82CDB24}.Debug|ARM.ActiveCfg = Debug|Any CPU
		{67F9D3A8-F71E-4428-913F-C37AE82CDB24}.Debug|ARM.Build.0 = Debug|Any CPU
		{67F9D3A8-F71E-4428-913F-C37AE82CDB24}.Debug|iPhone.ActiveCfg = Debug|Any CPU
		{67F9D3A8-F71E-4428-913F-C37AE82CDB24}.Debug|iPhone.Build.0 = Debug|Any CPU
		{67F9D3A8-F71E-4428-913F-C37AE82CDB24}.Debug|iPhoneSimulator.ActiveCfg = Debug|Any CPU
		{67F9D3A8-F71E-4428-913F-C37AE82CDB24}.Debug|iPhoneSimulator.Build.0 = Debug|Any CPU
		{67F9D3A8-F71E-4428-913F-C37AE82CDB24}.Debug|x64.ActiveCfg = Debug|Any CPU
		{67F9D3A8-F71E-4428-913F-C37AE82CDB24}.Debug|x64.Build.0 = Debug|Any CPU
		{67F9D3A8-F71E-4428-913F-C37AE82CDB24}.Debug|x86.ActiveCfg = Debug|Any CPU
		{67F9D3A8-F71E-4428-913F-C37AE82CDB24}.Debug|x86.Build.0 = Debug|Any CPU
		{67F9D3A8-F71E-4428-913F-C37AE82CDB24}.Release|Any CPU.ActiveCfg = Release|Any CPU
		{67F9D3A8-F71E-4428-913F-C37AE82CDB24}.Release|Any CPU.Build.0 = Release|Any CPU
		{67F9D3A8-F71E-4428-913F-C37AE82CDB24}.Release|ARM.ActiveCfg = Release|Any CPU
		{67F9D3A8-F71E-4428-913F-C37AE82CDB24}.Release|ARM.Build.0 = Release|Any CPU
		{67F9D3A8-F71E-4428-913F-C37AE82CDB24}.Release|iPhone.ActiveCfg = Release|Any CPU
		{67F9D3A8-F71E-4428-913F-C37AE82CDB24}.Release|iPhone.Build.0 = Release|Any CPU
		{67F9D3A8-F71E-4428-913F-C37AE82CDB24}.Release|iPhoneSimulator.ActiveCfg = Release|Any CPU
		{67F9D3A8-F71E-4428-913F-C37AE82CDB24}.Release|iPhoneSimulator.Build.0 = Release|Any CPU
		{67F9D3A8-F71E-4428-913F-C37AE82CDB24}.Release|x64.ActiveCfg = Release|Any CPU
		{67F9D3A8-F71E-4428-913F-C37AE82CDB24}.Release|x64.Build.0 = Release|Any CPU
		{67F9D3A8-F71E-4428-913F-C37AE82CDB24}.Release|x86.ActiveCfg = Release|Any CPU
		{67F9D3A8-F71E-4428-913F-C37AE82CDB24}.Release|x86.Build.0 = Release|Any CPU
	EndGlobalSection
	GlobalSection(SolutionProperties) = preSolution
		HideSolutionNode = FALSE
	EndGlobalSection
EndGlobal
